// !$*UTF8*$!
{
	archiveVersion = 1;
	classes = {
	};
	objectVersion = 46;
	objects = {

/* Begin PBXBuildFile section */
		C92DEDA1192FEA560089077B /* UIImageView+MJVImageLoader.m in Sources */ = {isa = PBXBuildFile; fileRef = C92DEDA0192FEA560089077B /* UIImageView+MJVImageLoader.m */; };
		C99945D51925321F002FA37B /* MJVMoreInfoViewController.m in Sources */ = {isa = PBXBuildFile; fileRef = C99945D41925321F002FA37B /* MJVMoreInfoViewController.m */; };
		C9BCE713191940A70005F964 /* Foundation.framework in Frameworks */ = {isa = PBXBuildFile; fileRef = C9BCE712191940A70005F964 /* Foundation.framework */; };
		C9BCE715191940A70005F964 /* CoreGraphics.framework in Frameworks */ = {isa = PBXBuildFile; fileRef = C9BCE714191940A70005F964 /* CoreGraphics.framework */; };
		C9BCE717191940A70005F964 /* UIKit.framework in Frameworks */ = {isa = PBXBuildFile; fileRef = C9BCE716191940A70005F964 /* UIKit.framework */; };
		C9BCE719191940A70005F964 /* CoreData.framework in Frameworks */ = {isa = PBXBuildFile; fileRef = C9BCE718191940A70005F964 /* CoreData.framework */; };
		C9BCE71F191940A70005F964 /* InfoPlist.strings in Resources */ = {isa = PBXBuildFile; fileRef = C9BCE71D191940A70005F964 /* InfoPlist.strings */; };
		C9BCE721191940A70005F964 /* main.m in Sources */ = {isa = PBXBuildFile; fileRef = C9BCE720191940A70005F964 /* main.m */; };
		C9BCE725191940A70005F964 /* mjvAppDelegate.m in Sources */ = {isa = PBXBuildFile; fileRef = C9BCE724191940A70005F964 /* mjvAppDelegate.m */; };
		C9BCE728191940A70005F964 /* Main.storyboard in Resources */ = {isa = PBXBuildFile; fileRef = C9BCE726191940A70005F964 /* Main.storyboard */; };
		C9BCE72B191940A70005F964 /* CoreDataPractice.xcdatamodeld in Sources */ = {isa = PBXBuildFile; fileRef = C9BCE729191940A70005F964 /* CoreDataPractice.xcdatamodeld */; };
		C9BCE72E191940A70005F964 /* mjvMasterViewController.m in Sources */ = {isa = PBXBuildFile; fileRef = C9BCE72D191940A70005F964 /* mjvMasterViewController.m */; };
		C9BCE733191940A70005F964 /* Images.xcassets in Resources */ = {isa = PBXBuildFile; fileRef = C9BCE732191940A70005F964 /* Images.xcassets */; };
		C9BCE73A191940A70005F964 /* XCTest.framework in Frameworks */ = {isa = PBXBuildFile; fileRef = C9BCE739191940A70005F964 /* XCTest.framework */; };
		C9BCE73B191940A70005F964 /* Foundation.framework in Frameworks */ = {isa = PBXBuildFile; fileRef = C9BCE712191940A70005F964 /* Foundation.framework */; };
		C9BCE73C191940A70005F964 /* UIKit.framework in Frameworks */ = {isa = PBXBuildFile; fileRef = C9BCE716191940A70005F964 /* UIKit.framework */; };
		C9BCE73D191940A70005F964 /* CoreData.framework in Frameworks */ = {isa = PBXBuildFile; fileRef = C9BCE718191940A70005F964 /* CoreData.framework */; };
		C9BCE745191940A70005F964 /* InfoPlist.strings in Resources */ = {isa = PBXBuildFile; fileRef = C9BCE743191940A70005F964 /* InfoPlist.strings */; };
		C9BCE747191940A70005F964 /* CoreDataPracticeTests.m in Sources */ = {isa = PBXBuildFile; fileRef = C9BCE746191940A70005F964 /* CoreDataPracticeTests.m */; };
		C9BCE758191945880005F964 /* mjvMasterTableViewCell.m in Sources */ = {isa = PBXBuildFile; fileRef = C9BCE757191945880005F964 /* mjvMasterTableViewCell.m */; };
		C9BCE75A191963CA0005F964 /* Albums.plist in Resources */ = {isa = PBXBuildFile; fileRef = C9BCE759191963CA0005F964 /* Albums.plist */; };
		C9BCE77119197CA60005F964 /* VOKCollectionDataSource.m in Sources */ = {isa = PBXBuildFile; fileRef = C9BCE76119197CA60005F964 /* VOKCollectionDataSource.m */; };
		C9BCE77219197CA60005F964 /* VOKDefaultPagingAccessory.m in Sources */ = {isa = PBXBuildFile; fileRef = C9BCE76319197CA60005F964 /* VOKDefaultPagingAccessory.m */; };
		C9BCE77319197CA60005F964 /* VOKFetchedResultsDataSource.m in Sources */ = {isa = PBXBuildFile; fileRef = C9BCE76519197CA60005F964 /* VOKFetchedResultsDataSource.m */; };
		C9BCE77419197CA60005F964 /* VOKPagingFetchedResultsDataSource.m in Sources */ = {isa = PBXBuildFile; fileRef = C9BCE76719197CA60005F964 /* VOKPagingFetchedResultsDataSource.m */; };
		C9BCE77519197CA60005F964 /* VOKCoreDataManager.m in Sources */ = {isa = PBXBuildFile; fileRef = C9BCE76919197CA60005F964 /* VOKCoreDataManager.m */; };
		C9BCE77619197CA60005F964 /* VOKManagedObject.m in Sources */ = {isa = PBXBuildFile; fileRef = C9BCE76B19197CA60005F964 /* VOKManagedObject.m */; };
		C9BCE77719197CA60005F964 /* VOKManagedObjectMap.m in Sources */ = {isa = PBXBuildFile; fileRef = C9BCE76D19197CA60005F964 /* VOKManagedObjectMap.m */; };
		C9BCE77819197CA60005F964 /* VOKManagedObjectMapper.m in Sources */ = {isa = PBXBuildFile; fileRef = C9BCE76F19197CA60005F964 /* VOKManagedObjectMapper.m */; };
		C9BCE77C191983330005F964 /* AlbumDataSource.m in Sources */ = {isa = PBXBuildFile; fileRef = C9BCE77B191983330005F964 /* AlbumDataSource.m */; };
		C9BCE77F191A75470005F964 /* Album.m in Sources */ = {isa = PBXBuildFile; fileRef = C9BCE77E191A75470005F964 /* Album.m */; };
		C9BCE7CB191AD2060005F964 /* IMG_0001.png in Resources */ = {isa = PBXBuildFile; fileRef = C9BCE7CA191AD2060005F964 /* IMG_0001.png */; };
/* End PBXBuildFile section */

/* Begin PBXContainerItemProxy section */
		C9BCE73E191940A70005F964 /* PBXContainerItemProxy */ = {
			isa = PBXContainerItemProxy;
			containerPortal = C9BCE707191940A70005F964 /* Project object */;
			proxyType = 1;
			remoteGlobalIDString = C9BCE70E191940A70005F964;
			remoteInfo = CoreDataPractice;
		};
/* End PBXContainerItemProxy section */

/* Begin PBXFileReference section */
		C92DED9F192FEA560089077B /* UIImageView+MJVImageLoader.h */ = {isa = PBXFileReference; fileEncoding = 4; lastKnownFileType = sourcecode.c.h; path = "UIImageView+MJVImageLoader.h"; sourceTree = "<group>"; };
		C92DEDA0192FEA560089077B /* UIImageView+MJVImageLoader.m */ = {isa = PBXFileReference; fileEncoding = 4; lastKnownFileType = sourcecode.c.objc; path = "UIImageView+MJVImageLoader.m"; sourceTree = "<group>"; };
		C99945D31925321F002FA37B /* MJVMoreInfoViewController.h */ = {isa = PBXFileReference; fileEncoding = 4; lastKnownFileType = sourcecode.c.h; path = MJVMoreInfoViewController.h; sourceTree = "<group>"; };
		C99945D41925321F002FA37B /* MJVMoreInfoViewController.m */ = {isa = PBXFileReference; fileEncoding = 4; lastKnownFileType = sourcecode.c.objc; path = MJVMoreInfoViewController.m; sourceTree = "<group>"; };
		C9BCE70F191940A70005F964 /* CoreDataPractice.app */ = {isa = PBXFileReference; explicitFileType = wrapper.application; includeInIndex = 0; path = CoreDataPractice.app; sourceTree = BUILT_PRODUCTS_DIR; };
		C9BCE712191940A70005F964 /* Foundation.framework */ = {isa = PBXFileReference; lastKnownFileType = wrapper.framework; name = Foundation.framework; path = System/Library/Frameworks/Foundation.framework; sourceTree = SDKROOT; };
		C9BCE714191940A70005F964 /* CoreGraphics.framework */ = {isa = PBXFileReference; lastKnownFileType = wrapper.framework; name = CoreGraphics.framework; path = System/Library/Frameworks/CoreGraphics.framework; sourceTree = SDKROOT; };
		C9BCE716191940A70005F964 /* UIKit.framework */ = {isa = PBXFileReference; lastKnownFileType = wrapper.framework; name = UIKit.framework; path = System/Library/Frameworks/UIKit.framework; sourceTree = SDKROOT; };
		C9BCE718191940A70005F964 /* CoreData.framework */ = {isa = PBXFileReference; lastKnownFileType = wrapper.framework; name = CoreData.framework; path = System/Library/Frameworks/CoreData.framework; sourceTree = SDKROOT; };
		C9BCE71C191940A70005F964 /* CoreDataPractice-Info.plist */ = {isa = PBXFileReference; lastKnownFileType = text.plist.xml; path = "CoreDataPractice-Info.plist"; sourceTree = "<group>"; };
		C9BCE71E191940A70005F964 /* en */ = {isa = PBXFileReference; lastKnownFileType = text.plist.strings; name = en; path = en.lproj/InfoPlist.strings; sourceTree = "<group>"; };
		C9BCE720191940A70005F964 /* main.m */ = {isa = PBXFileReference; lastKnownFileType = sourcecode.c.objc; path = main.m; sourceTree = "<group>"; };
		C9BCE722191940A70005F964 /* CoreDataPractice-Prefix.pch */ = {isa = PBXFileReference; lastKnownFileType = sourcecode.c.h; path = "CoreDataPractice-Prefix.pch"; sourceTree = "<group>"; };
		C9BCE723191940A70005F964 /* mjvAppDelegate.h */ = {isa = PBXFileReference; lastKnownFileType = sourcecode.c.h; path = mjvAppDelegate.h; sourceTree = "<group>"; };
		C9BCE724191940A70005F964 /* mjvAppDelegate.m */ = {isa = PBXFileReference; lastKnownFileType = sourcecode.c.objc; path = mjvAppDelegate.m; sourceTree = "<group>"; };
		C9BCE727191940A70005F964 /* Base */ = {isa = PBXFileReference; lastKnownFileType = file.storyboard; name = Base; path = Base.lproj/Main.storyboard; sourceTree = "<group>"; };
		C9BCE72A191940A70005F964 /* CoreDataPractice.xcdatamodel */ = {isa = PBXFileReference; lastKnownFileType = wrapper.xcdatamodel; path = CoreDataPractice.xcdatamodel; sourceTree = "<group>"; };
		C9BCE72C191940A70005F964 /* mjvMasterViewController.h */ = {isa = PBXFileReference; lastKnownFileType = sourcecode.c.h; path = mjvMasterViewController.h; sourceTree = "<group>"; };
		C9BCE72D191940A70005F964 /* mjvMasterViewController.m */ = {isa = PBXFileReference; lastKnownFileType = sourcecode.c.objc; path = mjvMasterViewController.m; sourceTree = "<group>"; };
		C9BCE732191940A70005F964 /* Images.xcassets */ = {isa = PBXFileReference; lastKnownFileType = folder.assetcatalog; path = Images.xcassets; sourceTree = "<group>"; };
		C9BCE738191940A70005F964 /* CoreDataPracticeTests.xctest */ = {isa = PBXFileReference; explicitFileType = wrapper.cfbundle; includeInIndex = 0; path = CoreDataPracticeTests.xctest; sourceTree = BUILT_PRODUCTS_DIR; };
		C9BCE739191940A70005F964 /* XCTest.framework */ = {isa = PBXFileReference; lastKnownFileType = wrapper.framework; name = XCTest.framework; path = Library/Frameworks/XCTest.framework; sourceTree = DEVELOPER_DIR; };
		C9BCE742191940A70005F964 /* CoreDataPracticeTests-Info.plist */ = {isa = PBXFileReference; lastKnownFileType = text.plist.xml; path = "CoreDataPracticeTests-Info.plist"; sourceTree = "<group>"; };
		C9BCE744191940A70005F964 /* en */ = {isa = PBXFileReference; lastKnownFileType = text.plist.strings; name = en; path = en.lproj/InfoPlist.strings; sourceTree = "<group>"; };
		C9BCE746191940A70005F964 /* CoreDataPracticeTests.m */ = {isa = PBXFileReference; lastKnownFileType = sourcecode.c.objc; path = CoreDataPracticeTests.m; sourceTree = "<group>"; };
		C9BCE756191945880005F964 /* mjvMasterTableViewCell.h */ = {isa = PBXFileReference; fileEncoding = 4; lastKnownFileType = sourcecode.c.h; path = mjvMasterTableViewCell.h; sourceTree = "<group>"; };
		C9BCE757191945880005F964 /* mjvMasterTableViewCell.m */ = {isa = PBXFileReference; fileEncoding = 4; lastKnownFileType = sourcecode.c.objc; path = mjvMasterTableViewCell.m; sourceTree = "<group>"; };
		C9BCE759191963CA0005F964 /* Albums.plist */ = {isa = PBXFileReference; fileEncoding = 4; lastKnownFileType = text.plist.xml; path = Albums.plist; sourceTree = "<group>"; };
		C9BCE75E19197CA60005F964 /* VOKCarouselDataSource.h */ = {isa = PBXFileReference; fileEncoding = 4; lastKnownFileType = sourcecode.c.h; path = VOKCarouselDataSource.h; sourceTree = "<group>"; };
		C9BCE75F19197CA60005F964 /* VOKCarouselDataSource.m */ = {isa = PBXFileReference; fileEncoding = 4; lastKnownFileType = sourcecode.c.objc; path = VOKCarouselDataSource.m; sourceTree = "<group>"; };
		C9BCE76019197CA60005F964 /* VOKCollectionDataSource.h */ = {isa = PBXFileReference; fileEncoding = 4; lastKnownFileType = sourcecode.c.h; path = VOKCollectionDataSource.h; sourceTree = "<group>"; };
		C9BCE76119197CA60005F964 /* VOKCollectionDataSource.m */ = {isa = PBXFileReference; fileEncoding = 4; lastKnownFileType = sourcecode.c.objc; path = VOKCollectionDataSource.m; sourceTree = "<group>"; };
		C9BCE76219197CA60005F964 /* VOKDefaultPagingAccessory.h */ = {isa = PBXFileReference; fileEncoding = 4; lastKnownFileType = sourcecode.c.h; path = VOKDefaultPagingAccessory.h; sourceTree = "<group>"; };
		C9BCE76319197CA60005F964 /* VOKDefaultPagingAccessory.m */ = {isa = PBXFileReference; fileEncoding = 4; lastKnownFileType = sourcecode.c.objc; path = VOKDefaultPagingAccessory.m; sourceTree = "<group>"; };
		C9BCE76419197CA60005F964 /* VOKFetchedResultsDataSource.h */ = {isa = PBXFileReference; fileEncoding = 4; lastKnownFileType = sourcecode.c.h; path = VOKFetchedResultsDataSource.h; sourceTree = "<group>"; };
		C9BCE76519197CA60005F964 /* VOKFetchedResultsDataSource.m */ = {isa = PBXFileReference; fileEncoding = 4; lastKnownFileType = sourcecode.c.objc; path = VOKFetchedResultsDataSource.m; sourceTree = "<group>"; };
		C9BCE76619197CA60005F964 /* VOKPagingFetchedResultsDataSource.h */ = {isa = PBXFileReference; fileEncoding = 4; lastKnownFileType = sourcecode.c.h; path = VOKPagingFetchedResultsDataSource.h; sourceTree = "<group>"; };
		C9BCE76719197CA60005F964 /* VOKPagingFetchedResultsDataSource.m */ = {isa = PBXFileReference; fileEncoding = 4; lastKnownFileType = sourcecode.c.objc; path = VOKPagingFetchedResultsDataSource.m; sourceTree = "<group>"; };
		C9BCE76819197CA60005F964 /* VOKCoreDataManager.h */ = {isa = PBXFileReference; fileEncoding = 4; lastKnownFileType = sourcecode.c.h; path = VOKCoreDataManager.h; sourceTree = "<group>"; };
		C9BCE76919197CA60005F964 /* VOKCoreDataManager.m */ = {isa = PBXFileReference; fileEncoding = 4; lastKnownFileType = sourcecode.c.objc; path = VOKCoreDataManager.m; sourceTree = "<group>"; };
		C9BCE76A19197CA60005F964 /* VOKManagedObject.h */ = {isa = PBXFileReference; fileEncoding = 4; lastKnownFileType = sourcecode.c.h; path = VOKManagedObject.h; sourceTree = "<group>"; };
		C9BCE76B19197CA60005F964 /* VOKManagedObject.m */ = {isa = PBXFileReference; fileEncoding = 4; lastKnownFileType = sourcecode.c.objc; path = VOKManagedObject.m; sourceTree = "<group>"; };
		C9BCE76C19197CA60005F964 /* VOKManagedObjectMap.h */ = {isa = PBXFileReference; fileEncoding = 4; lastKnownFileType = sourcecode.c.h; path = VOKManagedObjectMap.h; sourceTree = "<group>"; };
		C9BCE76D19197CA60005F964 /* VOKManagedObjectMap.m */ = {isa = PBXFileReference; fileEncoding = 4; lastKnownFileType = sourcecode.c.objc; path = VOKManagedObjectMap.m; sourceTree = "<group>"; };
		C9BCE76E19197CA60005F964 /* VOKManagedObjectMapper.h */ = {isa = PBXFileReference; fileEncoding = 4; lastKnownFileType = sourcecode.c.h; path = VOKManagedObjectMapper.h; sourceTree = "<group>"; };
		C9BCE76F19197CA60005F964 /* VOKManagedObjectMapper.m */ = {isa = PBXFileReference; fileEncoding = 4; lastKnownFileType = sourcecode.c.objc; path = VOKManagedObjectMapper.m; sourceTree = "<group>"; };
		C9BCE77A191983330005F964 /* AlbumDataSource.h */ = {isa = PBXFileReference; fileEncoding = 4; lastKnownFileType = sourcecode.c.h; path = AlbumDataSource.h; sourceTree = "<group>"; };
		C9BCE77B191983330005F964 /* AlbumDataSource.m */ = {isa = PBXFileReference; fileEncoding = 4; lastKnownFileType = sourcecode.c.objc; path = AlbumDataSource.m; sourceTree = "<group>"; };
		C9BCE77D191A75470005F964 /* Album.h */ = {isa = PBXFileReference; fileEncoding = 4; lastKnownFileType = sourcecode.c.h; path = Album.h; sourceTree = "<group>"; };
		C9BCE77E191A75470005F964 /* Album.m */ = {isa = PBXFileReference; fileEncoding = 4; lastKnownFileType = sourcecode.c.objc; path = Album.m; sourceTree = "<group>"; };
		C9BCE7CA191AD2060005F964 /* IMG_0001.png */ = {isa = PBXFileReference; lastKnownFileType = image.png; path = IMG_0001.png; sourceTree = "<group>"; };
/* End PBXFileReference section */

/* Begin PBXFrameworksBuildPhase section */
		C9BCE70C191940A70005F964 /* Frameworks */ = {
			isa = PBXFrameworksBuildPhase;
			buildActionMask = 2147483647;
			files = (
				C9BCE715191940A70005F964 /* CoreGraphics.framework in Frameworks */,
				C9BCE719191940A70005F964 /* CoreData.framework in Frameworks */,
				C9BCE717191940A70005F964 /* UIKit.framework in Frameworks */,
				C9BCE713191940A70005F964 /* Foundation.framework in Frameworks */,
			);
			runOnlyForDeploymentPostprocessing = 0;
		};
		C9BCE735191940A70005F964 /* Frameworks */ = {
			isa = PBXFrameworksBuildPhase;
			buildActionMask = 2147483647;
			files = (
				C9BCE73A191940A70005F964 /* XCTest.framework in Frameworks */,
				C9BCE73D191940A70005F964 /* CoreData.framework in Frameworks */,
				C9BCE73C191940A70005F964 /* UIKit.framework in Frameworks */,
				C9BCE73B191940A70005F964 /* Foundation.framework in Frameworks */,
			);
			runOnlyForDeploymentPostprocessing = 0;
		};
/* End PBXFrameworksBuildPhase section */

/* Begin PBXGroup section */
		C9BCE706191940A70005F964 = {
			isa = PBXGroup;
			children = (
				C9BCE77919197CAB0005F964 /* VOKCoreDataManager */,
				C9BCE71A191940A70005F964 /* CoreDataPractice */,
				C9BCE740191940A70005F964 /* CoreDataPracticeTests */,
				C9BCE711191940A70005F964 /* Frameworks */,
				C9BCE710191940A70005F964 /* Products */,
			);
			sourceTree = "<group>";
		};
		C9BCE710191940A70005F964 /* Products */ = {
			isa = PBXGroup;
			children = (
				C9BCE70F191940A70005F964 /* CoreDataPractice.app */,
				C9BCE738191940A70005F964 /* CoreDataPracticeTests.xctest */,
			);
			name = Products;
			sourceTree = "<group>";
		};
		C9BCE711191940A70005F964 /* Frameworks */ = {
			isa = PBXGroup;
			children = (
				C9BCE712191940A70005F964 /* Foundation.framework */,
				C9BCE714191940A70005F964 /* CoreGraphics.framework */,
				C9BCE716191940A70005F964 /* UIKit.framework */,
				C9BCE718191940A70005F964 /* CoreData.framework */,
				C9BCE739191940A70005F964 /* XCTest.framework */,
			);
			name = Frameworks;
			sourceTree = "<group>";
		};
		C9BCE71A191940A70005F964 /* CoreDataPractice */ = {
			isa = PBXGroup;
			children = (
				C9BCE723191940A70005F964 /* mjvAppDelegate.h */,
				C9BCE724191940A70005F964 /* mjvAppDelegate.m */,
				C9BCE726191940A70005F964 /* Main.storyboard */,
				C9BCE72C191940A70005F964 /* mjvMasterViewController.h */,
				C9BCE72D191940A70005F964 /* mjvMasterViewController.m */,
				C9BCE756191945880005F964 /* mjvMasterTableViewCell.h */,
				C9BCE757191945880005F964 /* mjvMasterTableViewCell.m */,
				C99945D31925321F002FA37B /* MJVMoreInfoViewController.h */,
				C99945D41925321F002FA37B /* MJVMoreInfoViewController.m */,
				C9BCE77A191983330005F964 /* AlbumDataSource.h */,
				C9BCE77B191983330005F964 /* AlbumDataSource.m */,
				C92DED9F192FEA560089077B /* UIImageView+MJVImageLoader.h */,
				C92DEDA0192FEA560089077B /* UIImageView+MJVImageLoader.m */,
				C9BCE732191940A70005F964 /* Images.xcassets */,
				C9BCE729191940A70005F964 /* CoreDataPractice.xcdatamodeld */,
				C9BCE77D191A75470005F964 /* Album.h */,
				C9BCE77E191A75470005F964 /* Album.m */,
				C9BCE71B191940A70005F964 /* Supporting Files */,
			);
			path = CoreDataPractice;
			sourceTree = "<group>";
		};
		C9BCE71B191940A70005F964 /* Supporting Files */ = {
			isa = PBXGroup;
			children = (
				C9BCE7CA191AD2060005F964 /* IMG_0001.png */,
				C9BCE71C191940A70005F964 /* CoreDataPractice-Info.plist */,
				C9BCE759191963CA0005F964 /* Albums.plist */,
				C9BCE71D191940A70005F964 /* InfoPlist.strings */,
				C9BCE720191940A70005F964 /* main.m */,
				C9BCE722191940A70005F964 /* CoreDataPractice-Prefix.pch */,
			);
			name = "Supporting Files";
			sourceTree = "<group>";
		};
		C9BCE740191940A70005F964 /* CoreDataPracticeTests */ = {
			isa = PBXGroup;
			children = (
				C9BCE746191940A70005F964 /* CoreDataPracticeTests.m */,
				C9BCE741191940A70005F964 /* Supporting Files */,
			);
			path = CoreDataPracticeTests;
			sourceTree = "<group>";
		};
		C9BCE741191940A70005F964 /* Supporting Files */ = {
			isa = PBXGroup;
			children = (
				C9BCE742191940A70005F964 /* CoreDataPracticeTests-Info.plist */,
				C9BCE743191940A70005F964 /* InfoPlist.strings */,
			);
			name = "Supporting Files";
			sourceTree = "<group>";
		};
		C9BCE75D19197CA60005F964 /* Optional Data Sources */ = {
			isa = PBXGroup;
			children = (
				C9BCE75E19197CA60005F964 /* VOKCarouselDataSource.h */,
				C9BCE75F19197CA60005F964 /* VOKCarouselDataSource.m */,
				C9BCE76019197CA60005F964 /* VOKCollectionDataSource.h */,
				C9BCE76119197CA60005F964 /* VOKCollectionDataSource.m */,
				C9BCE76219197CA60005F964 /* VOKDefaultPagingAccessory.h */,
				C9BCE76319197CA60005F964 /* VOKDefaultPagingAccessory.m */,
				C9BCE76419197CA60005F964 /* VOKFetchedResultsDataSource.h */,
				C9BCE76519197CA60005F964 /* VOKFetchedResultsDataSource.m */,
				C9BCE76619197CA60005F964 /* VOKPagingFetchedResultsDataSource.h */,
				C9BCE76719197CA60005F964 /* VOKPagingFetchedResultsDataSource.m */,
			);
			path = "Optional Data Sources";
			sourceTree = "<group>";
		};
		C9BCE77919197CAB0005F964 /* VOKCoreDataManager */ = {
			isa = PBXGroup;
			children = (
				C9BCE75D19197CA60005F964 /* Optional Data Sources */,
				C9BCE76819197CA60005F964 /* VOKCoreDataManager.h */,
				C9BCE76919197CA60005F964 /* VOKCoreDataManager.m */,
				C9BCE76A19197CA60005F964 /* VOKManagedObject.h */,
				C9BCE76B19197CA60005F964 /* VOKManagedObject.m */,
				C9BCE76C19197CA60005F964 /* VOKManagedObjectMap.h */,
				C9BCE76D19197CA60005F964 /* VOKManagedObjectMap.m */,
				C9BCE76E19197CA60005F964 /* VOKManagedObjectMapper.h */,
				C9BCE76F19197CA60005F964 /* VOKManagedObjectMapper.m */,
			);
			name = VOKCoreDataManager;
			sourceTree = "<group>";
		};
/* End PBXGroup section */

/* Begin PBXNativeTarget section */
		C9BCE70E191940A70005F964 /* CoreDataPractice */ = {
			isa = PBXNativeTarget;
			buildConfigurationList = C9BCE74A191940A70005F964 /* Build configuration list for PBXNativeTarget "CoreDataPractice" */;
			buildPhases = (
				C9BCE70B191940A70005F964 /* Sources */,
				C9BCE70C191940A70005F964 /* Frameworks */,
				C9BCE70D191940A70005F964 /* Resources */,
			);
			buildRules = (
			);
			dependencies = (
			);
			name = CoreDataPractice;
			productName = CoreDataPractice;
			productReference = C9BCE70F191940A70005F964 /* CoreDataPractice.app */;
			productType = "com.apple.product-type.application";
		};
		C9BCE737191940A70005F964 /* CoreDataPracticeTests */ = {
			isa = PBXNativeTarget;
			buildConfigurationList = C9BCE74D191940A70005F964 /* Build configuration list for PBXNativeTarget "CoreDataPracticeTests" */;
			buildPhases = (
				C9BCE734191940A70005F964 /* Sources */,
				C9BCE735191940A70005F964 /* Frameworks */,
				C9BCE736191940A70005F964 /* Resources */,
			);
			buildRules = (
			);
			dependencies = (
				C9BCE73F191940A70005F964 /* PBXTargetDependency */,
			);
			name = CoreDataPracticeTests;
			productName = CoreDataPracticeTests;
			productReference = C9BCE738191940A70005F964 /* CoreDataPracticeTests.xctest */;
			productType = "com.apple.product-type.bundle.unit-test";
		};
/* End PBXNativeTarget section */

/* Begin PBXProject section */
		C9BCE707191940A70005F964 /* Project object */ = {
			isa = PBXProject;
			attributes = {
				CLASSPREFIX = MJV;
				LastUpgradeCheck = 0510;
				ORGANIZATIONNAME = VOKAL;
				TargetAttributes = {
					C9BCE737191940A70005F964 = {
						TestTargetID = C9BCE70E191940A70005F964;
					};
				};
			};
			buildConfigurationList = C9BCE70A191940A70005F964 /* Build configuration list for PBXProject "CoreDataPractice" */;
			compatibilityVersion = "Xcode 3.2";
			developmentRegion = English;
			hasScannedForEncodings = 0;
			knownRegions = (
				en,
				Base,
			);
			mainGroup = C9BCE706191940A70005F964;
			productRefGroup = C9BCE710191940A70005F964 /* Products */;
			projectDirPath = "";
			projectRoot = "";
			targets = (
				C9BCE70E191940A70005F964 /* CoreDataPractice */,
				C9BCE737191940A70005F964 /* CoreDataPracticeTests */,
			);
		};
/* End PBXProject section */

/* Begin PBXResourcesBuildPhase section */
		C9BCE70D191940A70005F964 /* Resources */ = {
			isa = PBXResourcesBuildPhase;
			buildActionMask = 2147483647;
			files = (
				C9BCE733191940A70005F964 /* Images.xcassets in Resources */,
				C9BCE7CB191AD2060005F964 /* IMG_0001.png in Resources */,
				C9BCE71F191940A70005F964 /* InfoPlist.strings in Resources */,
				C9BCE75A191963CA0005F964 /* Albums.plist in Resources */,
				C9BCE728191940A70005F964 /* Main.storyboard in Resources */,
			);
			runOnlyForDeploymentPostprocessing = 0;
		};
		C9BCE736191940A70005F964 /* Resources */ = {
			isa = PBXResourcesBuildPhase;
			buildActionMask = 2147483647;
			files = (
				C9BCE745191940A70005F964 /* InfoPlist.strings in Resources */,
			);
			runOnlyForDeploymentPostprocessing = 0;
		};
/* End PBXResourcesBuildPhase section */

/* Begin PBXSourcesBuildPhase section */
		C9BCE70B191940A70005F964 /* Sources */ = {
			isa = PBXSourcesBuildPhase;
			buildActionMask = 2147483647;
			files = (
				C9BCE77419197CA60005F964 /* VOKPagingFetchedResultsDataSource.m in Sources */,
				C99945D51925321F002FA37B /* MJVMoreInfoViewController.m in Sources */,
				C9BCE72E191940A70005F964 /* mjvMasterViewController.m in Sources */,
				C92DEDA1192FEA560089077B /* UIImageView+MJVImageLoader.m in Sources */,
				C9BCE77819197CA60005F964 /* VOKManagedObjectMapper.m in Sources */,
				C9BCE77F191A75470005F964 /* Album.m in Sources */,
				C9BCE77219197CA60005F964 /* VOKDefaultPagingAccessory.m in Sources */,
				C9BCE725191940A70005F964 /* mjvAppDelegate.m in Sources */,
				C9BCE77619197CA60005F964 /* VOKManagedObject.m in Sources */,
				C9BCE72B191940A70005F964 /* CoreDataPractice.xcdatamodeld in Sources */,
				C9BCE77719197CA60005F964 /* VOKManagedObjectMap.m in Sources */,
				C9BCE77C191983330005F964 /* AlbumDataSource.m in Sources */,
				C9BCE77519197CA60005F964 /* VOKCoreDataManager.m in Sources */,
				C9BCE77319197CA60005F964 /* VOKFetchedResultsDataSource.m in Sources */,
				C9BCE77119197CA60005F964 /* VOKCollectionDataSource.m in Sources */,
				C9BCE721191940A70005F964 /* main.m in Sources */,
				C9BCE758191945880005F964 /* mjvMasterTableViewCell.m in Sources */,
			);
			runOnlyForDeploymentPostprocessing = 0;
		};
		C9BCE734191940A70005F964 /* Sources */ = {
			isa = PBXSourcesBuildPhase;
			buildActionMask = 2147483647;
			files = (
				C9BCE747191940A70005F964 /* CoreDataPracticeTests.m in Sources */,
			);
			runOnlyForDeploymentPostprocessing = 0;
		};
/* End PBXSourcesBuildPhase section */

/* Begin PBXTargetDependency section */
		C9BCE73F191940A70005F964 /* PBXTargetDependency */ = {
			isa = PBXTargetDependency;
			target = C9BCE70E191940A70005F964 /* CoreDataPractice */;
			targetProxy = C9BCE73E191940A70005F964 /* PBXContainerItemProxy */;
		};
/* End PBXTargetDependency section */

/* Begin PBXVariantGroup section */
		C9BCE71D191940A70005F964 /* InfoPlist.strings */ = {
			isa = PBXVariantGroup;
			children = (
				C9BCE71E191940A70005F964 /* en */,
			);
			name = InfoPlist.strings;
			sourceTree = "<group>";
		};
		C9BCE726191940A70005F964 /* Main.storyboard */ = {
			isa = PBXVariantGroup;
			children = (
				C9BCE727191940A70005F964 /* Base */,
			);
			name = Main.storyboard;
			sourceTree = "<group>";
		};
		C9BCE743191940A70005F964 /* InfoPlist.strings */ = {
			isa = PBXVariantGroup;
			children = (
				C9BCE744191940A70005F964 /* en */,
			);
			name = InfoPlist.strings;
			sourceTree = "<group>";
		};
/* End PBXVariantGroup section */

/* Begin XCBuildConfiguration section */
		C9BCE748191940A70005F964 /* Debug */ = {
			isa = XCBuildConfiguration;
			buildSettings = {
				ALWAYS_SEARCH_USER_PATHS = NO;
				CLANG_CXX_LANGUAGE_STANDARD = "gnu++0x";
				CLANG_CXX_LIBRARY = "libc++";
				CLANG_ENABLE_MODULES = YES;
				CLANG_ENABLE_OBJC_ARC = YES;
				CLANG_WARN_BOOL_CONVERSION = YES;
				CLANG_WARN_CONSTANT_CONVERSION = YES;
				CLANG_WARN_DIRECT_OBJC_ISA_USAGE = YES_ERROR;
				CLANG_WARN_EMPTY_BODY = YES;
				CLANG_WARN_ENUM_CONVERSION = YES;
				CLANG_WARN_INT_CONVERSION = YES;
				CLANG_WARN_OBJC_ROOT_CLASS = YES_ERROR;
				CLANG_WARN__DUPLICATE_METHOD_MATCH = YES;
				"CODE_SIGN_IDENTITY[sdk=iphoneos*]" = "iPhone Developer";
				COPY_PHASE_STRIP = NO;
				GCC_C_LANGUAGE_STANDARD = gnu99;
				GCC_DYNAMIC_NO_PIC = NO;
				GCC_OPTIMIZATION_LEVEL = 0;
				GCC_PREPROCESSOR_DEFINITIONS = (
					"DEBUG=1",
					"$(inherited)",
				);
				GCC_SYMBOLS_PRIVATE_EXTERN = NO;
				GCC_WARN_64_TO_32_BIT_CONVERSION = YES;
				GCC_WARN_ABOUT_RETURN_TYPE = YES_ERROR;
				GCC_WARN_UNDECLARED_SELECTOR = YES;
				GCC_WARN_UNINITIALIZED_AUTOS = YES_AGGRESSIVE;
				GCC_WARN_UNUSED_FUNCTION = YES;
				GCC_WARN_UNUSED_VARIABLE = YES;
				IPHONEOS_DEPLOYMENT_TARGET = 7.1;
				ONLY_ACTIVE_ARCH = YES;
				SDKROOT = iphoneos;
			};
			name = Debug;
		};
		C9BCE749191940A70005F964 /* Release */ = {
			isa = XCBuildConfiguration;
			buildSettings = {
				ALWAYS_SEARCH_USER_PATHS = NO;
				CLANG_CXX_LANGUAGE_STANDARD = "gnu++0x";
				CLANG_CXX_LIBRARY = "libc++";
				CLANG_ENABLE_MODULES = YES;
				CLANG_ENABLE_OBJC_ARC = YES;
				CLANG_WARN_BOOL_CONVERSION = YES;
				CLANG_WARN_CONSTANT_CONVERSION = YES;
				CLANG_WARN_DIRECT_OBJC_ISA_USAGE = YES_ERROR;
				CLANG_WARN_EMPTY_BODY = YES;
				CLANG_WARN_ENUM_CONVERSION = YES;
				CLANG_WARN_INT_CONVERSION = YES;
				CLANG_WARN_OBJC_ROOT_CLASS = YES_ERROR;
				CLANG_WARN__DUPLICATE_METHOD_MATCH = YES;
				"CODE_SIGN_IDENTITY[sdk=iphoneos*]" = "iPhone Developer";
				COPY_PHASE_STRIP = YES;
				ENABLE_NS_ASSERTIONS = NO;
				GCC_C_LANGUAGE_STANDARD = gnu99;
				GCC_WARN_64_TO_32_BIT_CONVERSION = YES;
				GCC_WARN_ABOUT_RETURN_TYPE = YES_ERROR;
				GCC_WARN_UNDECLARED_SELECTOR = YES;
				GCC_WARN_UNINITIALIZED_AUTOS = YES_AGGRESSIVE;
				GCC_WARN_UNUSED_FUNCTION = YES;
				GCC_WARN_UNUSED_VARIABLE = YES;
				IPHONEOS_DEPLOYMENT_TARGET = 7.1;
				SDKROOT = iphoneos;
				VALIDATE_PRODUCT = YES;
			};
			name = Release;
		};
		C9BCE74B191940A70005F964 /* Debug */ = {
			isa = XCBuildConfiguration;
			buildSettings = {
				ASSETCATALOG_COMPILER_APPICON_NAME = AppIcon;
				ASSETCATALOG_COMPILER_LAUNCHIMAGE_NAME = LaunchImage;
				GCC_PRECOMPILE_PREFIX_HEADER = YES;
				GCC_PREFIX_HEADER = "CoreDataPractice/CoreDataPractice-Prefix.pch";
				INFOPLIST_FILE = "CoreDataPractice/CoreDataPractice-Info.plist";
				PRODUCT_NAME = "$(TARGET_NAME)";
				WRAPPER_EXTENSION = app;
			};
			name = Debug;
		};
		C9BCE74C191940A70005F964 /* Release */ = {
			isa = XCBuildConfiguration;
			buildSettings = {
				ASSETCATALOG_COMPILER_APPICON_NAME = AppIcon;
				ASSETCATALOG_COMPILER_LAUNCHIMAGE_NAME = LaunchImage;
				GCC_PRECOMPILE_PREFIX_HEADER = YES;
				GCC_PREFIX_HEADER = "CoreDataPractice/CoreDataPractice-Prefix.pch";
				INFOPLIST_FILE = "CoreDataPractice/CoreDataPractice-Info.plist";
				PRODUCT_NAME = "$(TARGET_NAME)";
				WRAPPER_EXTENSION = app;
			};
			name = Release;
		};
		C9BCE74E191940A70005F964 /* Debug */ = {
			isa = XCBuildConfiguration;
			buildSettings = {
				BUNDLE_LOADER = "$(BUILT_PRODUCTS_DIR)/CoreDataPractice.app/CoreDataPractice";
				FRAMEWORK_SEARCH_PATHS = (
					"$(SDKROOT)/Developer/Library/Frameworks",
					"$(inherited)",
					"$(DEVELOPER_FRAMEWORKS_DIR)",
				);
				GCC_PRECOMPILE_PREFIX_HEADER = YES;
				GCC_PREFIX_HEADER = "CoreDataPractice/CoreDataPractice-Prefix.pch";
				GCC_PREPROCESSOR_DEFINITIONS = (
					"DEBUG=1",
					"$(inherited)",
				);
				INFOPLIST_FILE = "CoreDataPracticeTests/CoreDataPracticeTests-Info.plist";
				PRODUCT_NAME = "$(TARGET_NAME)";
				TEST_HOST = "$(BUNDLE_LOADER)";
				WRAPPER_EXTENSION = xctest;
			};
			name = Debug;
		};
		C9BCE74F191940A70005F964 /* Release */ = {
			isa = XCBuildConfiguration;
			buildSettings = {
				BUNDLE_LOADER = "$(BUILT_PRODUCTS_DIR)/CoreDataPractice.app/CoreDataPractice";
				FRAMEWORK_SEARCH_PATHS = (
					"$(SDKROOT)/Developer/Library/Frameworks",
					"$(inherited)",
					"$(DEVELOPER_FRAMEWORKS_DIR)",
				);
				GCC_PRECOMPILE_PREFIX_HEADER = YES;
				GCC_PREFIX_HEADER = "CoreDataPractice/CoreDataPractice-Prefix.pch";
				INFOPLIST_FILE = "CoreDataPracticeTests/CoreDataPracticeTests-Info.plist";
				PRODUCT_NAME = "$(TARGET_NAME)";
				TEST_HOST = "$(BUNDLE_LOADER)";
				WRAPPER_EXTENSION = xctest;
			};
			name = Release;
		};
/* End XCBuildConfiguration section */

/* Begin XCConfigurationList section */
		C9BCE70A191940A70005F964 /* Build configuration list for PBXProject "CoreDataPractice" */ = {
			isa = XCConfigurationList;
			buildConfigurations = (
				C9BCE748191940A70005F964 /* Debug */,
				C9BCE749191940A70005F964 /* Release */,
			);
			defaultConfigurationIsVisible = 0;
			defaultConfigurationName = Release;
		};
		C9BCE74A191940A70005F964 /* Build configuration list for PBXNativeTarget "CoreDataPractice" */ = {
			isa = XCConfigurationList;
			buildConfigurations = (
				C9BCE74B191940A70005F964 /* Debug */,
				C9BCE74C191940A70005F964 /* Release */,
			);
			defaultConfigurationIsVisible = 0;
			defaultConfigurationName = Release;
		};
		C9BCE74D191940A70005F964 /* Build configuration list for PBXNativeTarget "CoreDataPracticeTests" */ = {
			isa = XCConfigurationList;
			buildConfigurations = (
				C9BCE74E191940A70005F964 /* Debug */,
				C9BCE74F191940A70005F964 /* Release */,
			);
			defaultConfigurationIsVisible = 0;
			defaultConfigurationName = Release;
		};
/* End XCConfigurationList section */

/* Begin XCVersionGroup section */
		C9BCE729191940A70005F964 /* CoreDataPractice.xcdatamodeld */ = {
			isa = XCVersionGroup;
			children = (
				C9BCE72A191940A70005F964 /* CoreDataPractice.xcdatamodel */,
			);
			currentVersion = C9BCE72A191940A70005F964 /* CoreDataPractice.xcdatamodel */;
			path = CoreDataPractice.xcdatamodeld;
			sourceTree = "<group>";
			versionGroupType = wrapper.xcdatamodel;
		};
/* End XCVersionGroup section */
	};
	rootObject = C9BCE707191940A70005F964 /* Project object */;
}
